
Microsoft Visual Studio Solution File, Format Version 12.00
# Visual Studio 2013
VisualStudioVersion = 12.0.21005.1
MinimumVisualStudioVersion = 10.0.40219.1
Project("{FAE04EC0-301F-11D3-BF4B-00C04F79EFBC}") = "Problem 1. Persons", "Problem 1. Persons\Problem 1. Persons.csproj", "{024E5F76-8A98-471E-99FC-FEB8E09C5B2E}"
EndProject
Project("{FAE04EC0-301F-11D3-BF4B-00C04F79EFBC}") = "Problem 2. Laptop Shop", "Problem 2. Laptop Shop\Problem 2. Laptop Shop.csproj", "{B80491D3-1CAC-4F2E-A7A6-841338C11F0F}"
EndProject
Project("{FAE04EC0-301F-11D3-BF4B-00C04F79EFBC}") = "Problem 3. PC Catalog", "Problem 3. PC Catalog\Problem 3. PC Catalog.csproj", "{4B553068-95C1-44A5-9E8F-55B66C74A4DA}"
EndProject
Global
	GlobalSection(SolutionConfigurationPlatforms) = preSolution
		Debug|Any CPU = Debug|Any CPU
		Release|Any CPU = Release|Any CPU
	EndGlobalSection
	GlobalSection(ProjectConfigurationPlatforms) = postSolution
		{024E5F76-8A98-471E-99FC-FEB8E09C5B2E}.Debug|Any CPU.ActiveCfg = Debug|Any CPU
		{024E5F76-8A98-471E-99FC-FEB8E09C5B2E}.Debug|Any CPU.Build.0 = Debug|Any CPU
		{024E5F76-8A98-471E-99FC-FEB8E09C5B2E}.Release|Any CPU.ActiveCfg = Release|Any CPU
		{024E5F76-8A98-471E-99FC-FEB8E09C5B2E}.Release|Any CPU.Build.0 = Release|Any CPU
		{B80491D3-1CAC-4F2E-A7A6-841338C11F0F}.Debug|Any CPU.ActiveCfg = Debug|Any CPU
		{B80491D3-1CAC-4F2E-A7A6-841338C11F0F}.Debug|Any CPU.Build.0 = Debug|Any CPU
		{B80491D3-1CAC-4F2E-A7A6-841338C11F0F}.Release|Any CPU.ActiveCfg = Release|Any CPU
		{B80491D3-1CAC-4F2E-A7A6-841338C11F0F}.Release|Any CPU.Build.0 = Release|Any CPU
		{4B553068-95C1-44A5-9E8F-55B66C74A4DA}.Debug|Any CPU.ActiveCfg = Debug|Any CPU
		{4B553068-95C1-44A5-9E8F-55B66C74A4DA}.Debug|Any CPU.Build.0 = Debug|Any CPU
		{4B553068-95C1-44A5-9E8F-55B66C74A4DA}.Release|Any CPU.ActiveCfg = Release|Any CPU
		{4B553068-95C1-44A5-9E8F-55B66C74A4DA}.Release|Any CPU.Build.0 = Release|Any CPU
	EndGlobalSection
	GlobalSection(SolutionProperties) = preSolution
		HideSolutionNode = FALSE
	EndGlobalSection
EndGlobal
