
Microsoft Visual Studio Solution File, Format Version 12.00
# Visual Studio 2013
VisualStudioVersion = 12.0.21005.1
MinimumVisualStudioVersion = 10.0.40219.1
Project("{FAE04EC0-301F-11D3-BF4B-00C04F79EFBC}") = "Problem 1. Fill the Matrix", "Multidimensional Arrays Sets Dictionaries hw\Problem 1. Fill the Matrix.csproj", "{D53BF08C-2E14-4FEF-8D20-5D357074C2C2}"
EndProject
Project("{FAE04EC0-301F-11D3-BF4B-00C04F79EFBC}") = "Problem 5. Collect the Coins", "Problem 5. Collect the Coins\Problem 5. Collect the Coins.csproj", "{0123CB37-4823-4799-B4E2-A60E4699B2AE}"
EndProject
Project("{FAE04EC0-301F-11D3-BF4B-00C04F79EFBC}") = "Problem 2. Maximal Sum", "Problem 2. Maximal Sum\Problem 2. Maximal Sum.csproj", "{F9E30C9D-2E68-4C7B-B572-809F879D89BF}"
EndProject
Project("{FAE04EC0-301F-11D3-BF4B-00C04F79EFBC}") = "Problem 3. Matrix shuffling", "Problem 3. Matrix shuffling\Problem 3. Matrix shuffling.csproj", "{FD3A0E7D-F440-4DAB-9792-F6DCE9758681}"
EndProject
Global
	GlobalSection(SolutionConfigurationPlatforms) = preSolution
		Debug|Any CPU = Debug|Any CPU
		Release|Any CPU = Release|Any CPU
	EndGlobalSection
	GlobalSection(ProjectConfigurationPlatforms) = postSolution
		{D53BF08C-2E14-4FEF-8D20-5D357074C2C2}.Debug|Any CPU.ActiveCfg = Debug|Any CPU
		{D53BF08C-2E14-4FEF-8D20-5D357074C2C2}.Debug|Any CPU.Build.0 = Debug|Any CPU
		{D53BF08C-2E14-4FEF-8D20-5D357074C2C2}.Release|Any CPU.ActiveCfg = Release|Any CPU
		{D53BF08C-2E14-4FEF-8D20-5D357074C2C2}.Release|Any CPU.Build.0 = Release|Any CPU
		{0123CB37-4823-4799-B4E2-A60E4699B2AE}.Debug|Any CPU.ActiveCfg = Debug|Any CPU
		{0123CB37-4823-4799-B4E2-A60E4699B2AE}.Debug|Any CPU.Build.0 = Debug|Any CPU
		{0123CB37-4823-4799-B4E2-A60E4699B2AE}.Release|Any CPU.ActiveCfg = Release|Any CPU
		{0123CB37-4823-4799-B4E2-A60E4699B2AE}.Release|Any CPU.Build.0 = Release|Any CPU
		{F9E30C9D-2E68-4C7B-B572-809F879D89BF}.Debug|Any CPU.ActiveCfg = Debug|Any CPU
		{F9E30C9D-2E68-4C7B-B572-809F879D89BF}.Debug|Any CPU.Build.0 = Debug|Any CPU
		{F9E30C9D-2E68-4C7B-B572-809F879D89BF}.Release|Any CPU.ActiveCfg = Release|Any CPU
		{F9E30C9D-2E68-4C7B-B572-809F879D89BF}.Release|Any CPU.Build.0 = Release|Any CPU
		{FD3A0E7D-F440-4DAB-9792-F6DCE9758681}.Debug|Any CPU.ActiveCfg = Debug|Any CPU
		{FD3A0E7D-F440-4DAB-9792-F6DCE9758681}.Debug|Any CPU.Build.0 = Debug|Any CPU
		{FD3A0E7D-F440-4DAB-9792-F6DCE9758681}.Release|Any CPU.ActiveCfg = Release|Any CPU
		{FD3A0E7D-F440-4DAB-9792-F6DCE9758681}.Release|Any CPU.Build.0 = Release|Any CPU
	EndGlobalSection
	GlobalSection(SolutionProperties) = preSolution
		HideSolutionNode = FALSE
	EndGlobalSection
EndGlobal
