
Microsoft Visual Studio Solution File, Format Version 12.00
# Visual Studio 2013
VisualStudioVersion = 12.0.21005.1
MinimumVisualStudioVersion = 10.0.40219.1
Project("{FAE04EC0-301F-11D3-BF4B-00C04F79EFBC}") = "Problem 1. Human, Student and Worker", "Problem 1. Human, Student and Worker\Problem 1. Human, Student and Worker.csproj", "{91F33598-3ADF-47E5-B93A-56D26E0CD306}"
EndProject
Project("{FAE04EC0-301F-11D3-BF4B-00C04F79EFBC}") = "Problem 2. Animals", "Problem 2. Animals\Problem 2. Animals.csproj", "{32411338-E529-4EBF-8C7B-62CB04E6C582}"
EndProject
Project("{FAE04EC0-301F-11D3-BF4B-00C04F79EFBC}") = "Problem 3. Company Hierarchy", "Problem 3. Company Hierarchy\Problem 3. Company Hierarchy.csproj", "{50C7448C-EFB5-44E0-9EC8-52EC800878CE}"
EndProject
Global
	GlobalSection(SolutionConfigurationPlatforms) = preSolution
		Debug|Any CPU = Debug|Any CPU
		Release|Any CPU = Release|Any CPU
	EndGlobalSection
	GlobalSection(ProjectConfigurationPlatforms) = postSolution
		{91F33598-3ADF-47E5-B93A-56D26E0CD306}.Debug|Any CPU.ActiveCfg = Debug|Any CPU
		{91F33598-3ADF-47E5-B93A-56D26E0CD306}.Debug|Any CPU.Build.0 = Debug|Any CPU
		{91F33598-3ADF-47E5-B93A-56D26E0CD306}.Release|Any CPU.ActiveCfg = Release|Any CPU
		{91F33598-3ADF-47E5-B93A-56D26E0CD306}.Release|Any CPU.Build.0 = Release|Any CPU
		{32411338-E529-4EBF-8C7B-62CB04E6C582}.Debug|Any CPU.ActiveCfg = Debug|Any CPU
		{32411338-E529-4EBF-8C7B-62CB04E6C582}.Debug|Any CPU.Build.0 = Debug|Any CPU
		{32411338-E529-4EBF-8C7B-62CB04E6C582}.Release|Any CPU.ActiveCfg = Release|Any CPU
		{32411338-E529-4EBF-8C7B-62CB04E6C582}.Release|Any CPU.Build.0 = Release|Any CPU
		{50C7448C-EFB5-44E0-9EC8-52EC800878CE}.Debug|Any CPU.ActiveCfg = Debug|Any CPU
		{50C7448C-EFB5-44E0-9EC8-52EC800878CE}.Debug|Any CPU.Build.0 = Debug|Any CPU
		{50C7448C-EFB5-44E0-9EC8-52EC800878CE}.Release|Any CPU.ActiveCfg = Release|Any CPU
		{50C7448C-EFB5-44E0-9EC8-52EC800878CE}.Release|Any CPU.Build.0 = Release|Any CPU
	EndGlobalSection
	GlobalSection(SolutionProperties) = preSolution
		HideSolutionNode = FALSE
	EndGlobalSection
EndGlobal
